{
  "name": "module_system",
  "version": "1.0.0",
  "lockfileVersion": 2,
  "requires": true,
  "packages": {
    "": {
      "name": "module_system",
      "version": "1.0.0",
      "license": "ISC",
      "dependencies": {
        "module_system": "file:"
      }
    },
    "node_modules/module_system": {
      "resolved": "",
      "link": true
    }
  },
  "dependencies": {
    "module_system": {
      "version": "file:",
      "requires": {
        "module_system": "file:"
      }
    }
  }
}
